<Solution>
  <Folder Name="/tests/">
    <Project Path="tests/EDEEste.ControlCajaChica.Application.Tests/EDEEste.ControlCajaChica.Application.Tests.csproj" />
  </Folder>
  <Project Path="EDEEste.ControlCajaChica.Application/EDEEste.ControlCajaChica.Application.csproj" />
  <Project Path="EDEEste.ControlCajaChica.Domain/EDEEste.ControlCajaChica.Domain.csproj" />
  <Project Path="EDEEste.ControlCajaChica.Infrastructure/EDEEste.ControlCajaChica.Infrastructure.csproj" />
  <Project Path="EDEEste.ControlCajaChica.Presentation/EDEEste.ControlCajaChica.Presentation.csproj" />
</Solution>
